// !$*UTF8*$!
{
	archiveVersion = 1;
	classes = {
	};
	objectVersion = 77;
	objects = {

/* Begin PBXBuildFile section */
		11EEF8062FE586BB003E1F8A /* AppDelegate.swift in Sources */ = {isa = PBXBuildFile; fileRef = 11EEF8052FE586BB003E1F8A /* AppDelegate.swift */; };
		11EEF8082FE586BB003E1F8A /* SceneDelegate.swift in Sources */ = {isa = PBXBuildFile; fileRef = 11EEF8072FE586BB003E1F8A /* SceneDelegate.swift */; };
		11EEF80B2FE586BB003E1F8A /* LaunchScreen.storyboard in Resources */ = {isa = PBXBuildFile; fileRef = 11EEF8092FE586BB003E1F8A /* LaunchScreen.storyboard */; };
		11EEF80E2FE586BB003E1F8A /* Main.storyboard in Resources */ = {isa = PBXBuildFile; fileRef = 11EEF80C2FE586BB003E1F8A /* Main.storyboard */; };
		11EEF8172FE586BB003E1F8A /* AppDelegate.swift in Sources */ = {isa = PBXBuildFile; fileRef = 11EEF8162FE586BB003E1F8A /* AppDelegate.swift */; };
		11EEF81A2FE586BB003E1F8A /* Main.storyboard in Resources */ = {isa = PBXBuildFile; fileRef = 11EEF8182FE586BB003E1F8A /* Main.storyboard */; };
		11EEF8212FE586BB003E1F8A /* OpenTranslate Extension.appex in Embed Foundation Extensions */ = {isa = PBXBuildFile; fileRef = 11EEF8202FE586BB003E1F8A /* OpenTranslate Extension.appex */; settings = {ATTRIBUTES = (RemoveHeadersOnCopy, ); }; };
		11EEF82B2FE586BB003E1F8A /* OpenTranslate Extension.appex in Embed Foundation Extensions */ = {isa = PBXBuildFile; fileRef = 11EEF82A2FE586BB003E1F8A /* OpenTranslate Extension.appex */; settings = {ATTRIBUTES = (RemoveHeadersOnCopy, ); }; };
		11EEF8302FE586BB003E1F8A /* Main.html in Resources */ = {isa = PBXBuildFile; fileRef = 11EEF7F52FE586BB003E1F8A /* Main.html */; };
		11EEF8312FE586BB003E1F8A /* Main.html in Resources */ = {isa = PBXBuildFile; fileRef = 11EEF7F52FE586BB003E1F8A /* Main.html */; };
		11EEF8322FE586BB003E1F8A /* Icon.png in Resources */ = {isa = PBXBuildFile; fileRef = 11EEF7F72FE586BB003E1F8A /* Icon.png */; };
		11EEF8332FE586BB003E1F8A /* Icon.png in Resources */ = {isa = PBXBuildFile; fileRef = 11EEF7F72FE586BB003E1F8A /* Icon.png */; };
		11EEF8342FE586BB003E1F8A /* Style.css in Resources */ = {isa = PBXBuildFile; fileRef = 11EEF7F82FE586BB003E1F8A /* Style.css */; };
		11EEF8352FE586BB003E1F8A /* Style.css in Resources */ = {isa = PBXBuildFile; fileRef = 11EEF7F82FE586BB003E1F8A /* Style.css */; };
		11EEF8362FE586BB003E1F8A /* Script.js in Resources */ = {isa = PBXBuildFile; fileRef = 11EEF7F92FE586BB003E1F8A /* Script.js */; };
		11EEF8372FE586BB003E1F8A /* Script.js in Resources */ = {isa = PBXBuildFile; fileRef = 11EEF7F92FE586BB003E1F8A /* Script.js */; };
		11EEF8382FE586BB003E1F8A /* ViewController.swift in Sources */ = {isa = PBXBuildFile; fileRef = 11EEF7FA2FE586BB003E1F8A /* ViewController.swift */; };
		11EEF8392FE586BB003E1F8A /* ViewController.swift in Sources */ = {isa = PBXBuildFile; fileRef = 11EEF7FA2FE586BB003E1F8A /* ViewController.swift */; };
		11EEF83A2FE586BB003E1F8A /* Assets.xcassets in Resources */ = {isa = PBXBuildFile; fileRef = 11EEF7FB2FE586BB003E1F8A /* Assets.xcassets */; };
		11EEF83B2FE586BB003E1F8A /* Assets.xcassets in Resources */ = {isa = PBXBuildFile; fileRef = 11EEF7FB2FE586BB003E1F8A /* Assets.xcassets */; };
		11EEF83C2FE586BB003E1F8A /* SafariWebExtensionHandler.swift in Sources */ = {isa = PBXBuildFile; fileRef = 11EEF7FD2FE586BB003E1F8A /* SafariWebExtensionHandler.swift */; };
		11EEF83D2FE586BB003E1F8A /* SafariWebExtensionHandler.swift in Sources */ = {isa = PBXBuildFile; fileRef = 11EEF7FD2FE586BB003E1F8A /* SafariWebExtensionHandler.swift */; };
		11EEF8592FE586BC003E1F8A /* background.js in Resources */ = {isa = PBXBuildFile; fileRef = 11EEF84F2FE586BC003E1F8A /* background.js */; };
		11EEF85A2FE586BC003E1F8A /* popup.html in Resources */ = {isa = PBXBuildFile; fileRef = 11EEF8502FE586BC003E1F8A /* popup.html */; };
		11EEF85B2FE586BC003E1F8A /* translation-hub.html in Resources */ = {isa = PBXBuildFile; fileRef = 11EEF8512FE586BC003E1F8A /* translation-hub.html */; };
		11EEF85C2FE586BC003E1F8A /* chunks in Resources */ = {isa = PBXBuildFile; fileRef = 11EEF8522FE586BC003E1F8A /* chunks */; };
		11EEF85D2FE586BC003E1F8A /* content-scripts in Resources */ = {isa = PBXBuildFile; fileRef = 11EEF8532FE586BC003E1F8A /* content-scripts */; };
		11EEF85E2FE586BC003E1F8A /* manifest.json in Resources */ = {isa = PBXBuildFile; fileRef = 11EEF8542FE586BC003E1F8A /* manifest.json */; };
		11EEF85F2FE586BC003E1F8A /* options.html in Resources */ = {isa = PBXBuildFile; fileRef = 11EEF8552FE586BC003E1F8A /* options.html */; };
		11EEF8602FE586BC003E1F8A /* _locales in Resources */ = {isa = PBXBuildFile; fileRef = 11EEF8562FE586BC003E1F8A /* _locales */; };
		11EEF8612FE586BC003E1F8A /* icon in Resources */ = {isa = PBXBuildFile; fileRef = 11EEF8572FE586BC003E1F8A /* icon */; };
		11EEF8622FE586BC003E1F8A /* assets in Resources */ = {isa = PBXBuildFile; fileRef = 11EEF8582FE586BC003E1F8A /* assets */; };
		11EEF8632FE586BC003E1F8A /* background.js in Resources */ = {isa = PBXBuildFile; fileRef = 11EEF84F2FE586BC003E1F8A /* background.js */; };
		11EEF8642FE586BC003E1F8A /* popup.html in Resources */ = {isa = PBXBuildFile; fileRef = 11EEF8502FE586BC003E1F8A /* popup.html */; };
		11EEF8652FE586BC003E1F8A /* translation-hub.html in Resources */ = {isa = PBXBuildFile; fileRef = 11EEF8512FE586BC003E1F8A /* translation-hub.html */; };
		11EEF8662FE586BC003E1F8A /* chunks in Resources */ = {isa = PBXBuildFile; fileRef = 11EEF8522FE586BC003E1F8A /* chunks */; };
		11EEF8672FE586BC003E1F8A /* content-scripts in Resources */ = {isa = PBXBuildFile; fileRef = 11EEF8532FE586BC003E1F8A /* content-scripts */; };
		11EEF8682FE586BC003E1F8A /* manifest.json in Resources */ = {isa = PBXBuildFile; fileRef = 11EEF8542FE586BC003E1F8A /* manifest.json */; };
		11EEF8692FE586BC003E1F8A /* options.html in Resources */ = {isa = PBXBuildFile; fileRef = 11EEF8552FE586BC003E1F8A /* options.html */; };
		11EEF86A2FE586BC003E1F8A /* _locales in Resources */ = {isa = PBXBuildFile; fileRef = 11EEF8562FE586BC003E1F8A /* _locales */; };
		11EEF86B2FE586BC003E1F8A /* icon in Resources */ = {isa = PBXBuildFile; fileRef = 11EEF8572FE586BC003E1F8A /* icon */; };
		11EEF86C2FE586BC003E1F8A /* assets in Resources */ = {isa = PBXBuildFile; fileRef = 11EEF8582FE586BC003E1F8A /* assets */; };
/* End PBXBuildFile section */

/* Begin PBXContainerItemProxy section */
		11EEF8222FE586BB003E1F8A /* PBXContainerItemProxy */ = {
			isa = PBXContainerItemProxy;
			containerPortal = 11EEF7EF2FE586BB003E1F8A /* Project object */;
			proxyType = 1;
			remoteGlobalIDString = 11EEF81F2FE586BB003E1F8A;
			remoteInfo = "OpenTranslate Extension (iOS)";
		};
		11EEF82C2FE586BB003E1F8A /* PBXContainerItemProxy */ = {
			isa = PBXContainerItemProxy;
			containerPortal = 11EEF7EF2FE586BB003E1F8A /* Project object */;
			proxyType = 1;
			remoteGlobalIDString = 11EEF8292FE586BB003E1F8A;
			remoteInfo = "OpenTranslate Extension (macOS)";
		};
/* End PBXContainerItemProxy section */

/* Begin PBXCopyFilesBuildPhase section */
		11EEF8432FE586BB003E1F8A /* Embed Foundation Extensions */ = {
			isa = PBXCopyFilesBuildPhase;
			buildActionMask = 2147483647;
			dstPath = "";
			dstSubfolderSpec = 13;
			files = (
				11EEF8212FE586BB003E1F8A /* OpenTranslate Extension.appex in Embed Foundation Extensions */,
			);
			name = "Embed Foundation Extensions";
			runOnlyForDeploymentPostprocessing = 0;
		};
		11EEF84A2FE586BB003E1F8A /* Embed Foundation Extensions */ = {
			isa = PBXCopyFilesBuildPhase;
			buildActionMask = 2147483647;
			dstPath = "";
			dstSubfolderSpec = 13;
			files = (
				11EEF82B2FE586BB003E1F8A /* OpenTranslate Extension.appex in Embed Foundation Extensions */,
			);
			name = "Embed Foundation Extensions";
			runOnlyForDeploymentPostprocessing = 0;
		};
/* End PBXCopyFilesBuildPhase section */

/* Begin PBXFileReference section */
		11EEF7F62FE586BB003E1F8A /* Base */ = {isa = PBXFileReference; lastKnownFileType = text.html; name = Base; path = Base.lproj/Main.html; sourceTree = "<group>"; };
		11EEF7F72FE586BB003E1F8A /* Icon.png */ = {isa = PBXFileReference; lastKnownFileType = image.png; path = Icon.png; sourceTree = "<group>"; };
		11EEF7F82FE586BB003E1F8A /* Style.css */ = {isa = PBXFileReference; lastKnownFileType = text.css; path = Style.css; sourceTree = "<group>"; };
		11EEF7F92FE586BB003E1F8A /* Script.js */ = {isa = PBXFileReference; lastKnownFileType = sourcecode.javascript; path = Script.js; sourceTree = "<group>"; };
		11EEF7FA2FE586BB003E1F8A /* ViewController.swift */ = {isa = PBXFileReference; lastKnownFileType = sourcecode.swift; path = ViewController.swift; sourceTree = "<group>"; };
		11EEF7FB2FE586BB003E1F8A /* Assets.xcassets */ = {isa = PBXFileReference; lastKnownFileType = folder.assetcatalog; path = Assets.xcassets; sourceTree = "<group>"; };
		11EEF7FD2FE586BB003E1F8A /* SafariWebExtensionHandler.swift */ = {isa = PBXFileReference; lastKnownFileType = sourcecode.swift; path = SafariWebExtensionHandler.swift; sourceTree = "<group>"; };
		11EEF8022FE586BB003E1F8A /* OpenTranslate.app */ = {isa = PBXFileReference; explicitFileType = wrapper.application; includeInIndex = 0; path = OpenTranslate.app; sourceTree = BUILT_PRODUCTS_DIR; };
		11EEF8052FE586BB003E1F8A /* AppDelegate.swift */ = {isa = PBXFileReference; lastKnownFileType = sourcecode.swift; path = AppDelegate.swift; sourceTree = "<group>"; };
		11EEF8072FE586BB003E1F8A /* SceneDelegate.swift */ = {isa = PBXFileReference; lastKnownFileType = sourcecode.swift; path = SceneDelegate.swift; sourceTree = "<group>"; };
		11EEF80A2FE586BB003E1F8A /* Base */ = {isa = PBXFileReference; lastKnownFileType = file.storyboard; name = Base; path = Base.lproj/LaunchScreen.storyboard; sourceTree = "<group>"; };
		11EEF80D2FE586BB003E1F8A /* Base */ = {isa = PBXFileReference; lastKnownFileType = file.storyboard; name = Base; path = Base.lproj/Main.storyboard; sourceTree = "<group>"; };
		11EEF80F2FE586BB003E1F8A /* Info.plist */ = {isa = PBXFileReference; lastKnownFileType = text.plist.xml; path = Info.plist; sourceTree = "<group>"; };
		11EEF8142FE586BB003E1F8A /* OpenTranslate.app */ = {isa = PBXFileReference; explicitFileType = wrapper.application; includeInIndex = 0; path = OpenTranslate.app; sourceTree = BUILT_PRODUCTS_DIR; };
		11EEF8162FE586BB003E1F8A /* AppDelegate.swift */ = {isa = PBXFileReference; lastKnownFileType = sourcecode.swift; path = AppDelegate.swift; sourceTree = "<group>"; };
		11EEF8192FE586BB003E1F8A /* Base */ = {isa = PBXFileReference; lastKnownFileType = file.storyboard; name = Base; path = Base.lproj/Main.storyboard; sourceTree = "<group>"; };
		11EEF81B2FE586BB003E1F8A /* Info.plist */ = {isa = PBXFileReference; lastKnownFileType = text.plist.xml; path = Info.plist; sourceTree = "<group>"; };
		11EEF8202FE586BB003E1F8A /* OpenTranslate Extension.appex */ = {isa = PBXFileReference; explicitFileType = "wrapper.app-extension"; includeInIndex = 0; path = "OpenTranslate Extension.appex"; sourceTree = BUILT_PRODUCTS_DIR; };
		11EEF8252FE586BB003E1F8A /* Info.plist */ = {isa = PBXFileReference; lastKnownFileType = text.plist.xml; path = Info.plist; sourceTree = "<group>"; };
		11EEF82A2FE586BB003E1F8A /* OpenTranslate Extension.appex */ = {isa = PBXFileReference; explicitFileType = "wrapper.app-extension"; includeInIndex = 0; path = "OpenTranslate Extension.appex"; sourceTree = BUILT_PRODUCTS_DIR; };
		11EEF82F2FE586BB003E1F8A /* Info.plist */ = {isa = PBXFileReference; lastKnownFileType = text.plist.xml; path = Info.plist; sourceTree = "<group>"; };
		11EEF84F2FE586BC003E1F8A /* background.js */ = {isa = PBXFileReference; lastKnownFileType = sourcecode.javascript; name = background.js; path = Resources/background.js; sourceTree = "<group>"; };
		11EEF8502FE586BC003E1F8A /* popup.html */ = {isa = PBXFileReference; lastKnownFileType = text.html; name = popup.html; path = Resources/popup.html; sourceTree = "<group>"; };
		11EEF8512FE586BC003E1F8A /* translation-hub.html */ = {isa = PBXFileReference; lastKnownFileType = text.html; name = "translation-hub.html"; path = "Resources/translation-hub.html"; sourceTree = "<group>"; };
		11EEF8522FE586BC003E1F8A /* chunks */ = {isa = PBXFileReference; lastKnownFileType = folder; name = chunks; path = Resources/chunks; sourceTree = "<group>"; };
		11EEF8532FE586BC003E1F8A /* content-scripts */ = {isa = PBXFileReference; lastKnownFileType = folder; name = "content-scripts"; path = "Resources/content-scripts"; sourceTree = "<group>"; };
		11EEF8542FE586BC003E1F8A /* manifest.json */ = {isa = PBXFileReference; lastKnownFileType = text.json; name = manifest.json; path = Resources/manifest.json; sourceTree = "<group>"; };
		11EEF8552FE586BC003E1F8A /* options.html */ = {isa = PBXFileReference; lastKnownFileType = text.html; name = options.html; path = Resources/options.html; sourceTree = "<group>"; };
		11EEF8562FE586BC003E1F8A /* _locales */ = {isa = PBXFileReference; lastKnownFileType = folder; name = _locales; path = Resources/_locales; sourceTree = "<group>"; };
		11EEF8572FE586BC003E1F8A /* icon */ = {isa = PBXFileReference; lastKnownFileType = folder; name = icon; path = Resources/icon; sourceTree = "<group>"; };
		11EEF8582FE586BC003E1F8A /* assets */ = {isa = PBXFileReference; lastKnownFileType = folder; name = assets; path = Resources/assets; sourceTree = "<group>"; };
/* End PBXFileReference section */

/* Begin PBXFrameworksBuildPhase section */
		11EEF7FF2FE586BB003E1F8A /* Frameworks */ = {
			isa = PBXFrameworksBuildPhase;
			buildActionMask = 2147483647;
			files = (
			);
			runOnlyForDeploymentPostprocessing = 0;
		};
		11EEF8112FE586BB003E1F8A /* Frameworks */ = {
			isa = PBXFrameworksBuildPhase;
			buildActionMask = 2147483647;
			files = (
			);
			runOnlyForDeploymentPostprocessing = 0;
		};
		11EEF81D2FE586BB003E1F8A /* Frameworks */ = {
			isa = PBXFrameworksBuildPhase;
			buildActionMask = 2147483647;
			files = (
			);
			runOnlyForDeploymentPostprocessing = 0;
		};
		11EEF8272FE586BB003E1F8A /* Frameworks */ = {
			isa = PBXFrameworksBuildPhase;
			buildActionMask = 2147483647;
			files = (
			);
			runOnlyForDeploymentPostprocessing = 0;
		};
/* End PBXFrameworksBuildPhase section */

/* Begin PBXGroup section */
		11EEF7EE2FE586BB003E1F8A = {
			isa = PBXGroup;
			children = (
				11EEF7F32FE586BB003E1F8A /* Shared (App) */,
				11EEF7FC2FE586BB003E1F8A /* Shared (Extension) */,
				11EEF8042FE586BB003E1F8A /* iOS (App) */,
				11EEF8152FE586BB003E1F8A /* macOS (App) */,
				11EEF8242FE586BB003E1F8A /* iOS (Extension) */,
				11EEF82E2FE586BB003E1F8A /* macOS (Extension) */,
				11EEF8032FE586BB003E1F8A /* Products */,
			);
			sourceTree = "<group>";
		};
		11EEF7F32FE586BB003E1F8A /* Shared (App) */ = {
			isa = PBXGroup;
			children = (
				11EEF7FA2FE586BB003E1F8A /* ViewController.swift */,
				11EEF7FB2FE586BB003E1F8A /* Assets.xcassets */,
				11EEF7F42FE586BB003E1F8A /* Resources */,
			);
			path = "Shared (App)";
			sourceTree = "<group>";
		};
		11EEF7F42FE586BB003E1F8A /* Resources */ = {
			isa = PBXGroup;
			children = (
				11EEF7F52FE586BB003E1F8A /* Main.html */,
				11EEF7F72FE586BB003E1F8A /* Icon.png */,
				11EEF7F82FE586BB003E1F8A /* Style.css */,
				11EEF7F92FE586BB003E1F8A /* Script.js */,
			);
			path = Resources;
			sourceTree = "<group>";
		};
		11EEF7FC2FE586BB003E1F8A /* Shared (Extension) */ = {
			isa = PBXGroup;
			children = (
				11EEF84E2FE586BC003E1F8A /* Resources */,
				11EEF7FD2FE586BB003E1F8A /* SafariWebExtensionHandler.swift */,
			);
			path = "Shared (Extension)";
			sourceTree = "<group>";
		};
		11EEF8032FE586BB003E1F8A /* Products */ = {
			isa = PBXGroup;
			children = (
				11EEF8022FE586BB003E1F8A /* OpenTranslate.app */,
				11EEF8142FE586BB003E1F8A /* OpenTranslate.app */,
				11EEF8202FE586BB003E1F8A /* OpenTranslate Extension.appex */,
				11EEF82A2FE586BB003E1F8A /* OpenTranslate Extension.appex */,
			);
			name = Products;
			sourceTree = "<group>";
		};
		11EEF8042FE586BB003E1F8A /* iOS (App) */ = {
			isa = PBXGroup;
			children = (
				11EEF8052FE586BB003E1F8A /* AppDelegate.swift */,
				11EEF8072FE586BB003E1F8A /* SceneDelegate.swift */,
				11EEF8092FE586BB003E1F8A /* LaunchScreen.storyboard */,
				11EEF80C2FE586BB003E1F8A /* Main.storyboard */,
				11EEF80F2FE586BB003E1F8A /* Info.plist */,
			);
			path = "iOS (App)";
			sourceTree = "<group>";
		};
		11EEF8152FE586BB003E1F8A /* macOS (App) */ = {
			isa = PBXGroup;
			children = (
				11EEF8162FE586BB003E1F8A /* AppDelegate.swift */,
				11EEF8182FE586BB003E1F8A /* Main.storyboard */,
				11EEF81B2FE586BB003E1F8A /* Info.plist */,
			);
			path = "macOS (App)";
			sourceTree = "<group>";
		};
		11EEF8242FE586BB003E1F8A /* iOS (Extension) */ = {
			isa = PBXGroup;
			children = (
				11EEF8252FE586BB003E1F8A /* Info.plist */,
			);
			path = "iOS (Extension)";
			sourceTree = "<group>";
		};
		11EEF82E2FE586BB003E1F8A /* macOS (Extension) */ = {
			isa = PBXGroup;
			children = (
				11EEF82F2FE586BB003E1F8A /* Info.plist */,
			);
			path = "macOS (Extension)";
			sourceTree = "<group>";
		};
		11EEF84E2FE586BC003E1F8A /* Resources */ = {
			isa = PBXGroup;
			children = (
				11EEF84F2FE586BC003E1F8A /* background.js */,
				11EEF8502FE586BC003E1F8A /* popup.html */,
				11EEF8512FE586BC003E1F8A /* translation-hub.html */,
				11EEF8522FE586BC003E1F8A /* chunks */,
				11EEF8532FE586BC003E1F8A /* content-scripts */,
				11EEF8542FE586BC003E1F8A /* manifest.json */,
				11EEF8552FE586BC003E1F8A /* options.html */,
				11EEF8562FE586BC003E1F8A /* _locales */,
				11EEF8572FE586BC003E1F8A /* icon */,
				11EEF8582FE586BC003E1F8A /* assets */,
			);
			name = Resources;
			path = "Shared (Extension)";
			sourceTree = SOURCE_ROOT;
		};
/* End PBXGroup section */

/* Begin PBXNativeTarget section */
		11EEF8012FE586BB003E1F8A /* OpenTranslate (iOS) */ = {
			isa = PBXNativeTarget;
			buildConfigurationList = 11EEF8442FE586BB003E1F8A /* Build configuration list for PBXNativeTarget "OpenTranslate (iOS)" */;
			buildPhases = (
				11EEF7FE2FE586BB003E1F8A /* Sources */,
				11EEF7FF2FE586BB003E1F8A /* Frameworks */,
				11EEF8002FE586BB003E1F8A /* Resources */,
				11EEF8432FE586BB003E1F8A /* Embed Foundation Extensions */,
			);
			buildRules = (
			);
			dependencies = (
				11EEF8232FE586BB003E1F8A /* PBXTargetDependency */,
			);
			name = "OpenTranslate (iOS)";
			packageProductDependencies = (
			);
			productName = "OpenTranslate (iOS)";
			productReference = 11EEF8022FE586BB003E1F8A /* OpenTranslate.app */;
			productType = "com.apple.product-type.application";
		};
		11EEF8132FE586BB003E1F8A /* OpenTranslate (macOS) */ = {
			isa = PBXNativeTarget;
			buildConfigurationList = 11EEF84B2FE586BB003E1F8A /* Build configuration list for PBXNativeTarget "OpenTranslate (macOS)" */;
			buildPhases = (
				11EEF8102FE586BB003E1F8A /* Sources */,
				11EEF8112FE586BB003E1F8A /* Frameworks */,
				11EEF8122FE586BB003E1F8A /* Resources */,
				11EEF84A2FE586BB003E1F8A /* Embed Foundation Extensions */,
			);
			buildRules = (
			);
			dependencies = (
				11EEF82D2FE586BB003E1F8A /* PBXTargetDependency */,
			);
			name = "OpenTranslate (macOS)";
			packageProductDependencies = (
			);
			productName = "OpenTranslate (macOS)";
			productReference = 11EEF8142FE586BB003E1F8A /* OpenTranslate.app */;
			productType = "com.apple.product-type.application";
		};
		11EEF81F2FE586BB003E1F8A /* OpenTranslate Extension (iOS) */ = {
			isa = PBXNativeTarget;
			buildConfigurationList = 11EEF8402FE586BB003E1F8A /* Build configuration list for PBXNativeTarget "OpenTranslate Extension (iOS)" */;
			buildPhases = (
				11EEF81C2FE586BB003E1F8A /* Sources */,
				11EEF81D2FE586BB003E1F8A /* Frameworks */,
				11EEF81E2FE586BB003E1F8A /* Resources */,
			);
			buildRules = (
			);
			dependencies = (
			);
			name = "OpenTranslate Extension (iOS)";
			packageProductDependencies = (
			);
			productName = "OpenTranslate Extension (iOS)";
			productReference = 11EEF8202FE586BB003E1F8A /* OpenTranslate Extension.appex */;
			productType = "com.apple.product-type.app-extension";
		};
		11EEF8292FE586BB003E1F8A /* OpenTranslate Extension (macOS) */ = {
			isa = PBXNativeTarget;
			buildConfigurationList = 11EEF8472FE586BB003E1F8A /* Build configuration list for PBXNativeTarget "OpenTranslate Extension (macOS)" */;
			buildPhases = (
				11EEF8262FE586BB003E1F8A /* Sources */,
				11EEF8272FE586BB003E1F8A /* Frameworks */,
				11EEF8282FE586BB003E1F8A /* Resources */,
			);
			buildRules = (
			);
			dependencies = (
			);
			name = "OpenTranslate Extension (macOS)";
			packageProductDependencies = (
			);
			productName = "OpenTranslate Extension (macOS)";
			productReference = 11EEF82A2FE586BB003E1F8A /* OpenTranslate Extension.appex */;
			productType = "com.apple.product-type.app-extension";
		};
/* End PBXNativeTarget section */

/* Begin PBXProject section */
		11EEF7EF2FE586BB003E1F8A /* Project object */ = {
			isa = PBXProject;
			attributes = {
				BuildIndependentTargetsInParallel = 1;
				LastSwiftUpdateCheck = 2650;
				LastUpgradeCheck = 2650;
				TargetAttributes = {
					11EEF8012FE586BB003E1F8A = {
						CreatedOnToolsVersion = 26.5;
					};
					11EEF8132FE586BB003E1F8A = {
						CreatedOnToolsVersion = 26.5;
					};
					11EEF81F2FE586BB003E1F8A = {
						CreatedOnToolsVersion = 26.5;
					};
					11EEF8292FE586BB003E1F8A = {
						CreatedOnToolsVersion = 26.5;
					};
				};
			};
			buildConfigurationList = 11EEF7F22FE586BB003E1F8A /* Build configuration list for PBXProject "OpenTranslate" */;
			developmentRegion = en;
			hasScannedForEncodings = 0;
			knownRegions = (
				en,
				Base,
			);
			mainGroup = 11EEF7EE2FE586BB003E1F8A;
			minimizedProjectReferenceProxies = 1;
			preferredProjectObjectVersion = 77;
			productRefGroup = 11EEF8032FE586BB003E1F8A /* Products */;
			projectDirPath = "";
			projectRoot = "";
			targets = (
				11EEF8012FE586BB003E1F8A /* OpenTranslate (iOS) */,
				11EEF8132FE586BB003E1F8A /* OpenTranslate (macOS) */,
				11EEF81F2FE586BB003E1F8A /* OpenTranslate Extension (iOS) */,
				11EEF8292FE586BB003E1F8A /* OpenTranslate Extension (macOS) */,
			);
		};
/* End PBXProject section */

/* Begin PBXResourcesBuildPhase section */
		11EEF8002FE586BB003E1F8A /* Resources */ = {
			isa = PBXResourcesBuildPhase;
			buildActionMask = 2147483647;
			files = (
				11EEF8322FE586BB003E1F8A /* Icon.png in Resources */,
				11EEF80B2FE586BB003E1F8A /* LaunchScreen.storyboard in Resources */,
				11EEF8302FE586BB003E1F8A /* Main.html in Resources */,
				11EEF8362FE586BB003E1F8A /* Script.js in Resources */,
				11EEF83A2FE586BB003E1F8A /* Assets.xcassets in Resources */,
				11EEF80E2FE586BB003E1F8A /* Main.storyboard in Resources */,
				11EEF8342FE586BB003E1F8A /* Style.css in Resources */,
			);
			runOnlyForDeploymentPostprocessing = 0;
		};
		11EEF8122FE586BB003E1F8A /* Resources */ = {
			isa = PBXResourcesBuildPhase;
			buildActionMask = 2147483647;
			files = (
				11EEF8332FE586BB003E1F8A /* Icon.png in Resources */,
				11EEF8352FE586BB003E1F8A /* Style.css in Resources */,
				11EEF81A2FE586BB003E1F8A /* Main.storyboard in Resources */,
				11EEF8372FE586BB003E1F8A /* Script.js in Resources */,
				11EEF83B2FE586BB003E1F8A /* Assets.xcassets in Resources */,
				11EEF8312FE586BB003E1F8A /* Main.html in Resources */,
			);
			runOnlyForDeploymentPostprocessing = 0;
		};
		11EEF81E2FE586BB003E1F8A /* Resources */ = {
			isa = PBXResourcesBuildPhase;
			buildActionMask = 2147483647;
			files = (
				11EEF8692FE586BC003E1F8A /* options.html in Resources */,
				11EEF8632FE586BC003E1F8A /* background.js in Resources */,
				11EEF86A2FE586BC003E1F8A /* _locales in Resources */,
				11EEF8642FE586BC003E1F8A /* popup.html in Resources */,
				11EEF8662FE586BC003E1F8A /* chunks in Resources */,
				11EEF86C2FE586BC003E1F8A /* assets in Resources */,
				11EEF8652FE586BC003E1F8A /* translation-hub.html in Resources */,
				11EEF8682FE586BC003E1F8A /* manifest.json in Resources */,
				11EEF86B2FE586BC003E1F8A /* icon in Resources */,
				11EEF8672FE586BC003E1F8A /* content-scripts in Resources */,
			);
			runOnlyForDeploymentPostprocessing = 0;
		};
		11EEF8282FE586BB003E1F8A /* Resources */ = {
			isa = PBXResourcesBuildPhase;
			buildActionMask = 2147483647;
			files = (
				11EEF85F2FE586BC003E1F8A /* options.html in Resources */,
				11EEF8592FE586BC003E1F8A /* background.js in Resources */,
				11EEF8602FE586BC003E1F8A /* _locales in Resources */,
				11EEF85A2FE586BC003E1F8A /* popup.html in Resources */,
				11EEF85C2FE586BC003E1F8A /* chunks in Resources */,
				11EEF8622FE586BC003E1F8A /* assets in Resources */,
				11EEF85B2FE586BC003E1F8A /* translation-hub.html in Resources */,
				11EEF85E2FE586BC003E1F8A /* manifest.json in Resources */,
				11EEF8612FE586BC003E1F8A /* icon in Resources */,
				11EEF85D2FE586BC003E1F8A /* content-scripts in Resources */,
			);
			runOnlyForDeploymentPostprocessing = 0;
		};
/* End PBXResourcesBuildPhase section */

/* Begin PBXSourcesBuildPhase section */
		11EEF7FE2FE586BB003E1F8A /* Sources */ = {
			isa = PBXSourcesBuildPhase;
			buildActionMask = 2147483647;
			files = (
				11EEF8382FE586BB003E1F8A /* ViewController.swift in Sources */,
				11EEF8062FE586BB003E1F8A /* AppDelegate.swift in Sources */,
				11EEF8082FE586BB003E1F8A /* SceneDelegate.swift in Sources */,
			);
			runOnlyForDeploymentPostprocessing = 0;
		};
		11EEF8102FE586BB003E1F8A /* Sources */ = {
			isa = PBXSourcesBuildPhase;
			buildActionMask = 2147483647;
			files = (
				11EEF8392FE586BB003E1F8A /* ViewController.swift in Sources */,
				11EEF8172FE586BB003E1F8A /* AppDelegate.swift in Sources */,
			);
			runOnlyForDeploymentPostprocessing = 0;
		};
		11EEF81C2FE586BB003E1F8A /* Sources */ = {
			isa = PBXSourcesBuildPhase;
			buildActionMask = 2147483647;
			files = (
				11EEF83C2FE586BB003E1F8A /* SafariWebExtensionHandler.swift in Sources */,
			);
			runOnlyForDeploymentPostprocessing = 0;
		};
		11EEF8262FE586BB003E1F8A /* Sources */ = {
			isa = PBXSourcesBuildPhase;
			buildActionMask = 2147483647;
			files = (
				11EEF83D2FE586BB003E1F8A /* SafariWebExtensionHandler.swift in Sources */,
			);
			runOnlyForDeploymentPostprocessing = 0;
		};
/* End PBXSourcesBuildPhase section */

/* Begin PBXTargetDependency section */
		11EEF8232FE586BB003E1F8A /* PBXTargetDependency */ = {
			isa = PBXTargetDependency;
			target = 11EEF81F2FE586BB003E1F8A /* OpenTranslate Extension (iOS) */;
			targetProxy = 11EEF8222FE586BB003E1F8A /* PBXContainerItemProxy */;
		};
		11EEF82D2FE586BB003E1F8A /* PBXTargetDependency */ = {
			isa = PBXTargetDependency;
			target = 11EEF8292FE586BB003E1F8A /* OpenTranslate Extension (macOS) */;
			targetProxy = 11EEF82C2FE586BB003E1F8A /* PBXContainerItemProxy */;
		};
/* End PBXTargetDependency section */

/* Begin PBXVariantGroup section */
		11EEF7F52FE586BB003E1F8A /* Main.html */ = {
			isa = PBXVariantGroup;
			children = (
				11EEF7F62FE586BB003E1F8A /* Base */,
			);
			name = Main.html;
			sourceTree = "<group>";
		};
		11EEF8092FE586BB003E1F8A /* LaunchScreen.storyboard */ = {
			isa = PBXVariantGroup;
			children = (
				11EEF80A2FE586BB003E1F8A /* Base */,
			);
			name = LaunchScreen.storyboard;
			sourceTree = "<group>";
		};
		11EEF80C2FE586BB003E1F8A /* Main.storyboard */ = {
			isa = PBXVariantGroup;
			children = (
				11EEF80D2FE586BB003E1F8A /* Base */,
			);
			name = Main.storyboard;
			sourceTree = "<group>";
		};
		11EEF8182FE586BB003E1F8A /* Main.storyboard */ = {
			isa = PBXVariantGroup;
			children = (
				11EEF8192FE586BB003E1F8A /* Base */,
			);
			name = Main.storyboard;
			sourceTree = "<group>";
		};
/* End PBXVariantGroup section */

/* Begin XCBuildConfiguration section */
		11EEF83E2FE586BB003E1F8A /* Debug */ = {
			isa = XCBuildConfiguration;
			buildSettings = {
				ALWAYS_SEARCH_USER_PATHS = NO;
				ASSETCATALOG_COMPILER_GENERATE_SWIFT_ASSET_SYMBOL_EXTENSIONS = YES;
				CLANG_ANALYZER_NONNULL = YES;
				CLANG_ANALYZER_NUMBER_OBJECT_CONVERSION = YES_AGGRESSIVE;
				CLANG_CXX_LANGUAGE_STANDARD = "gnu++20";
				CLANG_ENABLE_MODULES = YES;
				CLANG_ENABLE_OBJC_ARC = YES;
				CLANG_ENABLE_OBJC_WEAK = YES;
				CLANG_WARN_BLOCK_CAPTURE_AUTORELEASING = YES;
				CLANG_WARN_BOOL_CONVERSION = YES;
				CLANG_WARN_COMMA = YES;
				CLANG_WARN_CONSTANT_CONVERSION = YES;
				CLANG_WARN_DEPRECATED_OBJC_IMPLEMENTATIONS = YES;
				CLANG_WARN_DIRECT_OBJC_ISA_USAGE = YES_ERROR;
				CLANG_WARN_DOCUMENTATION_COMMENTS = YES;
				CLANG_WARN_EMPTY_BODY = YES;
				CLANG_WARN_ENUM_CONVERSION = YES;
				CLANG_WARN_INFINITE_RECURSION = YES;
				CLANG_WARN_INT_CONVERSION = YES;
				CLANG_WARN_NON_LITERAL_NULL_CONVERSION = YES;
				CLANG_WARN_OBJC_IMPLICIT_RETAIN_SELF = YES;
				CLANG_WARN_OBJC_LITERAL_CONVERSION = YES;
				CLANG_WARN_OBJC_ROOT_CLASS = YES_ERROR;
				CLANG_WARN_QUOTED_INCLUDE_IN_FRAMEWORK_HEADER = YES;
				CLANG_WARN_RANGE_LOOP_ANALYSIS = YES;
				CLANG_WARN_STRICT_PROTOTYPES = YES;
				CLANG_WARN_SUSPICIOUS_MOVE = YES;
				CLANG_WARN_UNGUARDED_AVAILABILITY = YES_AGGRESSIVE;
				CLANG_WARN_UNREACHABLE_CODE = YES;
				CLANG_WARN__DUPLICATE_METHOD_MATCH = YES;
				COPY_PHASE_STRIP = NO;
				DEBUG_INFORMATION_FORMAT = dwarf;
				ENABLE_STRICT_OBJC_MSGSEND = YES;
				ENABLE_TESTABILITY = YES;
				ENABLE_USER_SCRIPT_SANDBOXING = YES;
				GCC_C_LANGUAGE_STANDARD = gnu17;
				GCC_DYNAMIC_NO_PIC = NO;
				GCC_NO_COMMON_BLOCKS = YES;
				GCC_OPTIMIZATION_LEVEL = 0;
				GCC_PREPROCESSOR_DEFINITIONS = (
					"DEBUG=1",
					"$(inherited)",
				);
				GCC_WARN_64_TO_32_BIT_CONVERSION = YES;
				GCC_WARN_ABOUT_RETURN_TYPE = YES_ERROR;
				GCC_WARN_UNDECLARED_SELECTOR = YES;
				GCC_WARN_UNINITIALIZED_AUTOS = YES_AGGRESSIVE;
				GCC_WARN_UNUSED_FUNCTION = YES;
				GCC_WARN_UNUSED_VARIABLE = YES;
				LOCALIZATION_PREFERS_STRING_CATALOGS = YES;
				MTL_ENABLE_DEBUG_INFO = INCLUDE_SOURCE;
				MTL_FAST_MATH = YES;
				ONLY_ACTIVE_ARCH = YES;
				SWIFT_ACTIVE_COMPILATION_CONDITIONS = "DEBUG $(inherited)";
				SWIFT_OPTIMIZATION_LEVEL = "-Onone";
			};
			name = Debug;
		};
		11EEF83F2FE586BB003E1F8A /* Release */ = {
			isa = XCBuildConfiguration;
			buildSettings = {
				ALWAYS_SEARCH_USER_PATHS = NO;
				ASSETCATALOG_COMPILER_GENERATE_SWIFT_ASSET_SYMBOL_EXTENSIONS = YES;
				CLANG_ANALYZER_NONNULL = YES;
				CLANG_ANALYZER_NUMBER_OBJECT_CONVERSION = YES_AGGRESSIVE;
				CLANG_CXX_LANGUAGE_STANDARD = "gnu++20";
				CLANG_ENABLE_MODULES = YES;
				CLANG_ENABLE_OBJC_ARC = YES;
				CLANG_ENABLE_OBJC_WEAK = YES;
				CLANG_WARN_BLOCK_CAPTURE_AUTORELEASING = YES;
				CLANG_WARN_BOOL_CONVERSION = YES;
				CLANG_WARN_COMMA = YES;
				CLANG_WARN_CONSTANT_CONVERSION = YES;
				CLANG_WARN_DEPRECATED_OBJC_IMPLEMENTATIONS = YES;
				CLANG_WARN_DIRECT_OBJC_ISA_USAGE = YES_ERROR;
				CLANG_WARN_DOCUMENTATION_COMMENTS = YES;
				CLANG_WARN_EMPTY_BODY = YES;
				CLANG_WARN_ENUM_CONVERSION = YES;
				CLANG_WARN_INFINITE_RECURSION = YES;
				CLANG_WARN_INT_CONVERSION = YES;
				CLANG_WARN_NON_LITERAL_NULL_CONVERSION = YES;
				CLANG_WARN_OBJC_IMPLICIT_RETAIN_SELF = YES;
				CLANG_WARN_OBJC_LITERAL_CONVERSION = YES;
				CLANG_WARN_OBJC_ROOT_CLASS = YES_ERROR;
				CLANG_WARN_QUOTED_INCLUDE_IN_FRAMEWORK_HEADER = YES;
				CLANG_WARN_RANGE_LOOP_ANALYSIS = YES;
				CLANG_WARN_STRICT_PROTOTYPES = YES;
				CLANG_WARN_SUSPICIOUS_MOVE = YES;
				CLANG_WARN_UNGUARDED_AVAILABILITY = YES_AGGRESSIVE;
				CLANG_WARN_UNREACHABLE_CODE = YES;
				CLANG_WARN__DUPLICATE_METHOD_MATCH = YES;
				COPY_PHASE_STRIP = NO;
				DEBUG_INFORMATION_FORMAT = "dwarf-with-dsym";
				ENABLE_NS_ASSERTIONS = NO;
				ENABLE_STRICT_OBJC_MSGSEND = YES;
				ENABLE_USER_SCRIPT_SANDBOXING = YES;
				GCC_C_LANGUAGE_STANDARD = gnu17;
				GCC_NO_COMMON_BLOCKS = YES;
				GCC_WARN_64_TO_32_BIT_CONVERSION = YES;
				GCC_WARN_ABOUT_RETURN_TYPE = YES_ERROR;
				GCC_WARN_UNDECLARED_SELECTOR = YES;
				GCC_WARN_UNINITIALIZED_AUTOS = YES_AGGRESSIVE;
				GCC_WARN_UNUSED_FUNCTION = YES;
				GCC_WARN_UNUSED_VARIABLE = YES;
				LOCALIZATION_PREFERS_STRING_CATALOGS = YES;
				MTL_ENABLE_DEBUG_INFO = NO;
				MTL_FAST_MATH = YES;
				SWIFT_COMPILATION_MODE = wholemodule;
			};
			name = Release;
		};
		11EEF8412FE586BB003E1F8A /* Debug */ = {
			isa = XCBuildConfiguration;
			buildSettings = {
				CODE_SIGN_STYLE = Automatic;
				DEVELOPMENT_TEAM = A4HHRH8Y9M;
				CURRENT_PROJECT_VERSION = 1;
				GENERATE_INFOPLIST_FILE = YES;
				INFOPLIST_FILE = "iOS (Extension)/Info.plist";
				INFOPLIST_KEY_CFBundleDisplayName = "OpenTranslate Extension";
				INFOPLIST_KEY_NSHumanReadableCopyright = "";
				IPHONEOS_DEPLOYMENT_TARGET = 15.0;
				LD_RUNPATH_SEARCH_PATHS = (
					"$(inherited)",
					"@executable_path/Frameworks",
					"@executable_path/../../Frameworks",
				);
				MARKETING_VERSION = 1.0;
				OTHER_LDFLAGS = (
					"-framework",
					SafariServices,
				);
				PRODUCT_BUNDLE_IDENTIFIER = com.mekedron.OpenTranslate.Extension;
				PRODUCT_NAME = "OpenTranslate Extension";
				SDKROOT = iphoneos;
				SKIP_INSTALL = YES;
				STRING_CATALOG_GENERATE_SYMBOLS = YES;
				SWIFT_APPROACHABLE_CONCURRENCY = YES;
				SWIFT_EMIT_LOC_STRINGS = YES;
				SWIFT_UPCOMING_FEATURE_MEMBER_IMPORT_VISIBILITY = YES;
				SWIFT_VERSION = 5.0;
				TARGETED_DEVICE_FAMILY = "1,2";
			};
			name = Debug;
		};
		11EEF8422FE586BB003E1F8A /* Release */ = {
			isa = XCBuildConfiguration;
			buildSettings = {
				CODE_SIGN_STYLE = Automatic;
				DEVELOPMENT_TEAM = A4HHRH8Y9M;
				CURRENT_PROJECT_VERSION = 1;
				GENERATE_INFOPLIST_FILE = YES;
				INFOPLIST_FILE = "iOS (Extension)/Info.plist";
				INFOPLIST_KEY_CFBundleDisplayName = "OpenTranslate Extension";
				INFOPLIST_KEY_NSHumanReadableCopyright = "";
				IPHONEOS_DEPLOYMENT_TARGET = 15.0;
				LD_RUNPATH_SEARCH_PATHS = (
					"$(inherited)",
					"@executable_path/Frameworks",
					"@executable_path/../../Frameworks",
				);
				MARKETING_VERSION = 1.0;
				OTHER_LDFLAGS = (
					"-framework",
					SafariServices,
				);
				PRODUCT_BUNDLE_IDENTIFIER = com.mekedron.OpenTranslate.Extension;
				PRODUCT_NAME = "OpenTranslate Extension";
				SDKROOT = iphoneos;
				SKIP_INSTALL = YES;
				STRING_CATALOG_GENERATE_SYMBOLS = YES;
				SWIFT_APPROACHABLE_CONCURRENCY = YES;
				SWIFT_EMIT_LOC_STRINGS = YES;
				SWIFT_UPCOMING_FEATURE_MEMBER_IMPORT_VISIBILITY = YES;
				SWIFT_VERSION = 5.0;
				TARGETED_DEVICE_FAMILY = "1,2";
				VALIDATE_PRODUCT = YES;
			};
			name = Release;
		};
		11EEF8452FE586BB003E1F8A /* Debug */ = {
			isa = XCBuildConfiguration;
			buildSettings = {
				ASSETCATALOG_COMPILER_APPICON_NAME = AppIcon;
				ASSETCATALOG_COMPILER_GLOBAL_ACCENT_COLOR_NAME = AccentColor;
				CODE_SIGN_STYLE = Automatic;
				DEVELOPMENT_TEAM = A4HHRH8Y9M;
				CURRENT_PROJECT_VERSION = 1;
				GENERATE_INFOPLIST_FILE = YES;
				INFOPLIST_FILE = "iOS (App)/Info.plist";
				INFOPLIST_KEY_CFBundleDisplayName = OpenTranslate;
				INFOPLIST_KEY_UIApplicationSupportsIndirectInputEvents = YES;
				INFOPLIST_KEY_UILaunchStoryboardName = LaunchScreen;
				INFOPLIST_KEY_UIMainStoryboardFile = Main;
				INFOPLIST_KEY_UISupportedInterfaceOrientations = "UIInterfaceOrientationPortrait UIInterfaceOrientationLandscapeLeft UIInterfaceOrientationLandscapeRight";
				INFOPLIST_KEY_UISupportedInterfaceOrientations_iPad = "UIInterfaceOrientationPortrait UIInterfaceOrientationPortraitUpsideDown UIInterfaceOrientationLandscapeLeft UIInterfaceOrientationLandscapeRight";
				IPHONEOS_DEPLOYMENT_TARGET = 15.0;
				LD_RUNPATH_SEARCH_PATHS = (
					"$(inherited)",
					"@executable_path/Frameworks",
				);
				MARKETING_VERSION = 1.0;
				OTHER_LDFLAGS = (
					"-framework",
					SafariServices,
					"-framework",
					WebKit,
				);
				PRODUCT_BUNDLE_IDENTIFIER = com.mekedron.OpenTranslate;
				PRODUCT_NAME = OpenTranslate;
				SDKROOT = iphoneos;
				STRING_CATALOG_GENERATE_SYMBOLS = YES;
				SWIFT_APPROACHABLE_CONCURRENCY = YES;
				SWIFT_DEFAULT_ACTOR_ISOLATION = MainActor;
				SWIFT_EMIT_LOC_STRINGS = YES;
				SWIFT_UPCOMING_FEATURE_MEMBER_IMPORT_VISIBILITY = YES;
				SWIFT_VERSION = 5.0;
				TARGETED_DEVICE_FAMILY = "1,2";
			};
			name = Debug;
		};
		11EEF8462FE586BB003E1F8A /* Release */ = {
			isa = XCBuildConfiguration;
			buildSettings = {
				ASSETCATALOG_COMPILER_APPICON_NAME = AppIcon;
				ASSETCATALOG_COMPILER_GLOBAL_ACCENT_COLOR_NAME = AccentColor;
				CODE_SIGN_STYLE = Automatic;
				DEVELOPMENT_TEAM = A4HHRH8Y9M;
				CURRENT_PROJECT_VERSION = 1;
				GENERATE_INFOPLIST_FILE = YES;
				INFOPLIST_FILE = "iOS (App)/Info.plist";
				INFOPLIST_KEY_CFBundleDisplayName = OpenTranslate;
				INFOPLIST_KEY_UIApplicationSupportsIndirectInputEvents = YES;
				INFOPLIST_KEY_UILaunchStoryboardName = LaunchScreen;
				INFOPLIST_KEY_UIMainStoryboardFile = Main;
				INFOPLIST_KEY_UISupportedInterfaceOrientations = "UIInterfaceOrientationPortrait UIInterfaceOrientationLandscapeLeft UIInterfaceOrientationLandscapeRight";
				INFOPLIST_KEY_UISupportedInterfaceOrientations_iPad = "UIInterfaceOrientationPortrait UIInterfaceOrientationPortraitUpsideDown UIInterfaceOrientationLandscapeLeft UIInterfaceOrientationLandscapeRight";
				IPHONEOS_DEPLOYMENT_TARGET = 15.0;
				LD_RUNPATH_SEARCH_PATHS = (
					"$(inherited)",
					"@executable_path/Frameworks",
				);
				MARKETING_VERSION = 1.0;
				OTHER_LDFLAGS = (
					"-framework",
					SafariServices,
					"-framework",
					WebKit,
				);
				PRODUCT_BUNDLE_IDENTIFIER = com.mekedron.OpenTranslate;
				PRODUCT_NAME = OpenTranslate;
				SDKROOT = iphoneos;
				STRING_CATALOG_GENERATE_SYMBOLS = YES;
				SWIFT_APPROACHABLE_CONCURRENCY = YES;
				SWIFT_DEFAULT_ACTOR_ISOLATION = MainActor;
				SWIFT_EMIT_LOC_STRINGS = YES;
				SWIFT_UPCOMING_FEATURE_MEMBER_IMPORT_VISIBILITY = YES;
				SWIFT_VERSION = 5.0;
				TARGETED_DEVICE_FAMILY = "1,2";
				VALIDATE_PRODUCT = YES;
			};
			name = Release;
		};
		11EEF8482FE586BB003E1F8A /* Debug */ = {
			isa = XCBuildConfiguration;
			buildSettings = {
				CODE_SIGN_STYLE = Automatic;
				DEVELOPMENT_TEAM = A4HHRH8Y9M;
				CURRENT_PROJECT_VERSION = 1;
				ENABLE_APP_SANDBOX = YES;
				ENABLE_HARDENED_RUNTIME = YES;
				ENABLE_USER_SELECTED_FILES = readonly;
				GENERATE_INFOPLIST_FILE = YES;
				INFOPLIST_FILE = "macOS (Extension)/Info.plist";
				INFOPLIST_KEY_CFBundleDisplayName = "OpenTranslate Extension";
				INFOPLIST_KEY_NSHumanReadableCopyright = "";
				LD_RUNPATH_SEARCH_PATHS = (
					"$(inherited)",
					"@executable_path/../Frameworks",
					"@executable_path/../../../../Frameworks",
				);
				MACOSX_DEPLOYMENT_TARGET = 10.14;
				MARKETING_VERSION = 1.0;
				OTHER_LDFLAGS = (
					"-framework",
					SafariServices,
				);
				PRODUCT_BUNDLE_IDENTIFIER = com.mekedron.OpenTranslate.Extension;
				PRODUCT_NAME = "OpenTranslate Extension";
				SDKROOT = macosx;
				SKIP_INSTALL = YES;
				STRING_CATALOG_GENERATE_SYMBOLS = YES;
				SWIFT_APPROACHABLE_CONCURRENCY = YES;
				SWIFT_EMIT_LOC_STRINGS = YES;
				SWIFT_UPCOMING_FEATURE_MEMBER_IMPORT_VISIBILITY = YES;
				SWIFT_VERSION = 5.0;
			};
			name = Debug;
		};
		11EEF8492FE586BB003E1F8A /* Release */ = {
			isa = XCBuildConfiguration;
			buildSettings = {
				CODE_SIGN_STYLE = Automatic;
				DEVELOPMENT_TEAM = A4HHRH8Y9M;
				CURRENT_PROJECT_VERSION = 1;
				ENABLE_APP_SANDBOX = YES;
				ENABLE_HARDENED_RUNTIME = YES;
				ENABLE_USER_SELECTED_FILES = readonly;
				GENERATE_INFOPLIST_FILE = YES;
				INFOPLIST_FILE = "macOS (Extension)/Info.plist";
				INFOPLIST_KEY_CFBundleDisplayName = "OpenTranslate Extension";
				INFOPLIST_KEY_NSHumanReadableCopyright = "";
				LD_RUNPATH_SEARCH_PATHS = (
					"$(inherited)",
					"@executable_path/../Frameworks",
					"@executable_path/../../../../Frameworks",
				);
				MACOSX_DEPLOYMENT_TARGET = 10.14;
				MARKETING_VERSION = 1.0;
				OTHER_LDFLAGS = (
					"-framework",
					SafariServices,
				);
				PRODUCT_BUNDLE_IDENTIFIER = com.mekedron.OpenTranslate.Extension;
				PRODUCT_NAME = "OpenTranslate Extension";
				SDKROOT = macosx;
				SKIP_INSTALL = YES;
				STRING_CATALOG_GENERATE_SYMBOLS = YES;
				SWIFT_APPROACHABLE_CONCURRENCY = YES;
				SWIFT_EMIT_LOC_STRINGS = YES;
				SWIFT_UPCOMING_FEATURE_MEMBER_IMPORT_VISIBILITY = YES;
				SWIFT_VERSION = 5.0;
			};
			name = Release;
		};
		11EEF84C2FE586BB003E1F8A /* Debug */ = {
			isa = XCBuildConfiguration;
			buildSettings = {
				ASSETCATALOG_COMPILER_APPICON_NAME = AppIcon;
				ASSETCATALOG_COMPILER_GLOBAL_ACCENT_COLOR_NAME = AccentColor;
				CODE_SIGN_STYLE = Automatic;
				DEVELOPMENT_TEAM = A4HHRH8Y9M;
				CURRENT_PROJECT_VERSION = 1;
				ENABLE_APP_SANDBOX = YES;
				ENABLE_HARDENED_RUNTIME = YES;
				ENABLE_OUTGOING_NETWORK_CONNECTIONS = YES;
				ENABLE_USER_SELECTED_FILES = readonly;
				GENERATE_INFOPLIST_FILE = YES;
				INFOPLIST_FILE = "macOS (App)/Info.plist";
				INFOPLIST_KEY_CFBundleDisplayName = OpenTranslate;
				INFOPLIST_KEY_NSMainStoryboardFile = Main;
				INFOPLIST_KEY_NSPrincipalClass = NSApplication;
				LD_RUNPATH_SEARCH_PATHS = (
					"$(inherited)",
					"@executable_path/../Frameworks",
				);
				MACOSX_DEPLOYMENT_TARGET = 10.14;
				MARKETING_VERSION = 1.0;
				OTHER_LDFLAGS = (
					"-framework",
					SafariServices,
					"-framework",
					WebKit,
				);
				PRODUCT_BUNDLE_IDENTIFIER = com.mekedron.OpenTranslate;
				PRODUCT_NAME = OpenTranslate;
				REGISTER_APP_GROUPS = YES;
				SDKROOT = macosx;
				STRING_CATALOG_GENERATE_SYMBOLS = YES;
				SWIFT_APPROACHABLE_CONCURRENCY = YES;
				SWIFT_DEFAULT_ACTOR_ISOLATION = MainActor;
				SWIFT_EMIT_LOC_STRINGS = YES;
				SWIFT_UPCOMING_FEATURE_MEMBER_IMPORT_VISIBILITY = YES;
				SWIFT_VERSION = 5.0;
			};
			name = Debug;
		};
		11EEF84D2FE586BB003E1F8A /* Release */ = {
			isa = XCBuildConfiguration;
			buildSettings = {
				ASSETCATALOG_COMPILER_APPICON_NAME = AppIcon;
				ASSETCATALOG_COMPILER_GLOBAL_ACCENT_COLOR_NAME = AccentColor;
				CODE_SIGN_STYLE = Automatic;
				DEVELOPMENT_TEAM = A4HHRH8Y9M;
				CURRENT_PROJECT_VERSION = 1;
				ENABLE_APP_SANDBOX = YES;
				ENABLE_HARDENED_RUNTIME = YES;
				ENABLE_OUTGOING_NETWORK_CONNECTIONS = YES;
				ENABLE_USER_SELECTED_FILES = readonly;
				GENERATE_INFOPLIST_FILE = YES;
				INFOPLIST_FILE = "macOS (App)/Info.plist";
				INFOPLIST_KEY_CFBundleDisplayName = OpenTranslate;
				INFOPLIST_KEY_NSMainStoryboardFile = Main;
				INFOPLIST_KEY_NSPrincipalClass = NSApplication;
				LD_RUNPATH_SEARCH_PATHS = (
					"$(inherited)",
					"@executable_path/../Frameworks",
				);
				MACOSX_DEPLOYMENT_TARGET = 10.14;
				MARKETING_VERSION = 1.0;
				OTHER_LDFLAGS = (
					"-framework",
					SafariServices,
					"-framework",
					WebKit,
				);
				PRODUCT_BUNDLE_IDENTIFIER = com.mekedron.OpenTranslate;
				PRODUCT_NAME = OpenTranslate;
				REGISTER_APP_GROUPS = YES;
				SDKROOT = macosx;
				STRING_CATALOG_GENERATE_SYMBOLS = YES;
				SWIFT_APPROACHABLE_CONCURRENCY = YES;
				SWIFT_DEFAULT_ACTOR_ISOLATION = MainActor;
				SWIFT_EMIT_LOC_STRINGS = YES;
				SWIFT_UPCOMING_FEATURE_MEMBER_IMPORT_VISIBILITY = YES;
				SWIFT_VERSION = 5.0;
			};
			name = Release;
		};
/* End XCBuildConfiguration section */

/* Begin XCConfigurationList section */
		11EEF7F22FE586BB003E1F8A /* Build configuration list for PBXProject "OpenTranslate" */ = {
			isa = XCConfigurationList;
			buildConfigurations = (
				11EEF83E2FE586BB003E1F8A /* Debug */,
				11EEF83F2FE586BB003E1F8A /* Release */,
			);
			defaultConfigurationIsVisible = 0;
			defaultConfigurationName = Release;
		};
		11EEF8402FE586BB003E1F8A /* Build configuration list for PBXNativeTarget "OpenTranslate Extension (iOS)" */ = {
			isa = XCConfigurationList;
			buildConfigurations = (
				11EEF8412FE586BB003E1F8A /* Debug */,
				11EEF8422FE586BB003E1F8A /* Release */,
			);
			defaultConfigurationIsVisible = 0;
			defaultConfigurationName = Release;
		};
		11EEF8442FE586BB003E1F8A /* Build configuration list for PBXNativeTarget "OpenTranslate (iOS)" */ = {
			isa = XCConfigurationList;
			buildConfigurations = (
				11EEF8452FE586BB003E1F8A /* Debug */,
				11EEF8462FE586BB003E1F8A /* Release */,
			);
			defaultConfigurationIsVisible = 0;
			defaultConfigurationName = Release;
		};
		11EEF8472FE586BB003E1F8A /* Build configuration list for PBXNativeTarget "OpenTranslate Extension (macOS)" */ = {
			isa = XCConfigurationList;
			buildConfigurations = (
				11EEF8482FE586BB003E1F8A /* Debug */,
				11EEF8492FE586BB003E1F8A /* Release */,
			);
			defaultConfigurationIsVisible = 0;
			defaultConfigurationName = Release;
		};
		11EEF84B2FE586BB003E1F8A /* Build configuration list for PBXNativeTarget "OpenTranslate (macOS)" */ = {
			isa = XCConfigurationList;
			buildConfigurations = (
				11EEF84C2FE586BB003E1F8A /* Debug */,
				11EEF84D2FE586BB003E1F8A /* Release */,
			);
			defaultConfigurationIsVisible = 0;
			defaultConfigurationName = Release;
		};
/* End XCConfigurationList section */
	};
	rootObject = 11EEF7EF2FE586BB003E1F8A /* Project object */;
}
